# This file is automatically @generated by Cargo.
# It is not intended for manual editing.
version = 4

[[package]]
name = "determinism-proto"
version = "0.1.0"

[[package]]
name = "snapstore-client"
version = "0.1.0"
dependencies = [
 "determinism-proto",
]

[[package]]
name = "snapstore-manifest"
version = "0.1.0"
dependencies = [
 "snapstore-types",
]

[[package]]
name = "snapstore-server"
version = "0.1.0"
dependencies = [
 "snapstore-manifest",
]

[[package]]
name = "snapstore-types"
version = "0.1.0"
dependencies = [
 "determinism-proto",
]
